// !$*UTF8*$!
{
	archiveVersion = 1;
	classes = {
	};
	objectVersion = 56;
	objects = {

/* Begin PBXBuildFile section */
		9D8642DB28DF9B6B0067EDC8 /* A16_benchmarkApp.swift in Sources */ = {isa = PBXBuildFile; fileRef = 9D8642DA28DF9B6B0067EDC8 /* A16_benchmarkApp.swift */; };
		9D8642DD28DF9B6B0067EDC8 /* ContentView.swift in Sources */ = {isa = PBXBuildFile; fileRef = 9D8642DC28DF9B6B0067EDC8 /* ContentView.swift */; };
		9D8642DF28DF9B6C0067EDC8 /* Assets.xcassets in Resources */ = {isa = PBXBuildFile; fileRef = 9D8642DE28DF9B6C0067EDC8 /* Assets.xcassets */; };
		9D8642E328DF9B6C0067EDC8 /* Preview Assets.xcassets in Resources */ = {isa = PBXBuildFile; fileRef = 9D8642E228DF9B6C0067EDC8 /* Preview Assets.xcassets */; };
		9D8642ED28DF9B6C0067EDC8 /* A16_benchmarkTests.swift in Sources */ = {isa = PBXBuildFile; fileRef = 9D8642EC28DF9B6C0067EDC8 /* A16_benchmarkTests.swift */; };
		9D8642F728DF9B6C0067EDC8 /* A16_benchmarkUITests.swift in Sources */ = {isa = PBXBuildFile; fileRef = 9D8642F628DF9B6C0067EDC8 /* A16_benchmarkUITests.swift */; };
		9D8642F928DF9B6C0067EDC8 /* A16_benchmarkUITestsLaunchTests.swift in Sources */ = {isa = PBXBuildFile; fileRef = 9D8642F828DF9B6C0067EDC8 /* A16_benchmarkUITestsLaunchTests.swift */; };
		9D86430828DF9BA40067EDC8 /* rob.cpp in Sources */ = {isa = PBXBuildFile; fileRef = 9D86430628DF9BA40067EDC8 /* rob.cpp */; };
/* End PBXBuildFile section */

/* Begin PBXContainerItemProxy section */
		9D8642E928DF9B6C0067EDC8 /* PBXContainerItemProxy */ = {
			isa = PBXContainerItemProxy;
			containerPortal = 9D8642CF28DF9B6B0067EDC8 /* Project object */;
			proxyType = 1;
			remoteGlobalIDString = 9D8642D628DF9B6B0067EDC8;
			remoteInfo = "A16-benchmark";
		};
		9D8642F328DF9B6C0067EDC8 /* PBXContainerItemProxy */ = {
			isa = PBXContainerItemProxy;
			containerPortal = 9D8642CF28DF9B6B0067EDC8 /* Project object */;
			proxyType = 1;
			remoteGlobalIDString = 9D8642D628DF9B6B0067EDC8;
			remoteInfo = "A16-benchmark";
		};
/* End PBXContainerItemProxy section */

/* Begin PBXFileReference section */
		9D8642D728DF9B6B0067EDC8 /* A16-benchmark.app */ = {isa = PBXFileReference; explicitFileType = wrapper.application; includeInIndex = 0; path = "A16-benchmark.app"; sourceTree = BUILT_PRODUCTS_DIR; };
		9D8642DA28DF9B6B0067EDC8 /* A16_benchmarkApp.swift */ = {isa = PBXFileReference; lastKnownFileType = sourcecode.swift; path = A16_benchmarkApp.swift; sourceTree = "<group>"; };
		9D8642DC28DF9B6B0067EDC8 /* ContentView.swift */ = {isa = PBXFileReference; lastKnownFileType = sourcecode.swift; path = ContentView.swift; sourceTree = "<group>"; };
		9D8642DE28DF9B6C0067EDC8 /* Assets.xcassets */ = {isa = PBXFileReference; lastKnownFileType = folder.assetcatalog; path = Assets.xcassets; sourceTree = "<group>"; };
		9D8642E028DF9B6C0067EDC8 /* A16_benchmark.entitlements */ = {isa = PBXFileReference; lastKnownFileType = text.plist.entitlements; path = A16_benchmark.entitlements; sourceTree = "<group>"; };
		9D8642E228DF9B6C0067EDC8 /* Preview Assets.xcassets */ = {isa = PBXFileReference; lastKnownFileType = folder.assetcatalog; path = "Preview Assets.xcassets"; sourceTree = "<group>"; };
		9D8642E828DF9B6C0067EDC8 /* A16-benchmarkTests.xctest */ = {isa = PBXFileReference; explicitFileType = wrapper.cfbundle; includeInIndex = 0; path = "A16-benchmarkTests.xctest"; sourceTree = BUILT_PRODUCTS_DIR; };
		9D8642EC28DF9B6C0067EDC8 /* A16_benchmarkTests.swift */ = {isa = PBXFileReference; lastKnownFileType = sourcecode.swift; path = A16_benchmarkTests.swift; sourceTree = "<group>"; };
		9D8642F228DF9B6C0067EDC8 /* A16-benchmarkUITests.xctest */ = {isa = PBXFileReference; explicitFileType = wrapper.cfbundle; includeInIndex = 0; path = "A16-benchmarkUITests.xctest"; sourceTree = BUILT_PRODUCTS_DIR; };
		9D8642F628DF9B6C0067EDC8 /* A16_benchmarkUITests.swift */ = {isa = PBXFileReference; lastKnownFileType = sourcecode.swift; path = A16_benchmarkUITests.swift; sourceTree = "<group>"; };
		9D8642F828DF9B6C0067EDC8 /* A16_benchmarkUITestsLaunchTests.swift */ = {isa = PBXFileReference; lastKnownFileType = sourcecode.swift; path = A16_benchmarkUITestsLaunchTests.swift; sourceTree = "<group>"; };
		9D86430528DF9BA40067EDC8 /* A16-benchmark-Bridging-Header.h */ = {isa = PBXFileReference; lastKnownFileType = sourcecode.c.h; path = "A16-benchmark-Bridging-Header.h"; sourceTree = "<group>"; };
		9D86430628DF9BA40067EDC8 /* rob.cpp */ = {isa = PBXFileReference; lastKnownFileType = sourcecode.cpp.cpp; path = rob.cpp; sourceTree = "<group>"; };
		9D86430728DF9BA40067EDC8 /* rob.hpp */ = {isa = PBXFileReference; lastKnownFileType = sourcecode.cpp.h; path = rob.hpp; sourceTree = "<group>"; };
/* End PBXFileReference section */

/* Begin PBXFrameworksBuildPhase section */
		9D8642D428DF9B6B0067EDC8 /* Frameworks */ = {
			isa = PBXFrameworksBuildPhase;
			buildActionMask = 2147483647;
			files = (
			);
			runOnlyForDeploymentPostprocessing = 0;
		};
		9D8642E528DF9B6C0067EDC8 /* Frameworks */ = {
			isa = PBXFrameworksBuildPhase;
			buildActionMask = 2147483647;
			files = (
			);
			runOnlyForDeploymentPostprocessing = 0;
		};
		9D8642EF28DF9B6C0067EDC8 /* Frameworks */ = {
			isa = PBXFrameworksBuildPhase;
			buildActionMask = 2147483647;
			files = (
			);
			runOnlyForDeploymentPostprocessing = 0;
		};
/* End PBXFrameworksBuildPhase section */

/* Begin PBXGroup section */
		9D8642CE28DF9B6B0067EDC8 = {
			isa = PBXGroup;
			children = (
				9D8642D928DF9B6B0067EDC8 /* A16-benchmark */,
				9D8642EB28DF9B6C0067EDC8 /* A16-benchmarkTests */,
				9D8642F528DF9B6C0067EDC8 /* A16-benchmarkUITests */,
				9D8642D828DF9B6B0067EDC8 /* Products */,
			);
			sourceTree = "<group>";
		};
		9D8642D828DF9B6B0067EDC8 /* Products */ = {
			isa = PBXGroup;
			children = (
				9D8642D728DF9B6B0067EDC8 /* A16-benchmark.app */,
				9D8642E828DF9B6C0067EDC8 /* A16-benchmarkTests.xctest */,
				9D8642F228DF9B6C0067EDC8 /* A16-benchmarkUITests.xctest */,
			);
			name = Products;
			sourceTree = "<group>";
		};
		9D8642D928DF9B6B0067EDC8 /* A16-benchmark */ = {
			isa = PBXGroup;
			children = (
				9D8642DA28DF9B6B0067EDC8 /* A16_benchmarkApp.swift */,
				9D8642DC28DF9B6B0067EDC8 /* ContentView.swift */,
				9D86430628DF9BA40067EDC8 /* rob.cpp */,
				9D86430728DF9BA40067EDC8 /* rob.hpp */,
				9D8642DE28DF9B6C0067EDC8 /* Assets.xcassets */,
				9D8642E028DF9B6C0067EDC8 /* A16_benchmark.entitlements */,
				9D8642E128DF9B6C0067EDC8 /* Preview Content */,
				9D86430528DF9BA40067EDC8 /* A16-benchmark-Bridging-Header.h */,
			);
			path = "A16-benchmark";
			sourceTree = "<group>";
		};
		9D8642E128DF9B6C0067EDC8 /* Preview Content */ = {
			isa = PBXGroup;
			children = (
				9D8642E228DF9B6C0067EDC8 /* Preview Assets.xcassets */,
			);
			path = "Preview Content";
			sourceTree = "<group>";
		};
		9D8642EB28DF9B6C0067EDC8 /* A16-benchmarkTests */ = {
			isa = PBXGroup;
			children = (
				9D8642EC28DF9B6C0067EDC8 /* A16_benchmarkTests.swift */,
			);
			path = "A16-benchmarkTests";
			sourceTree = "<group>";
		};
		9D8642F528DF9B6C0067EDC8 /* A16-benchmarkUITests */ = {
			isa = PBXGroup;
			children = (
				9D8642F628DF9B6C0067EDC8 /* A16_benchmarkUITests.swift */,
				9D8642F828DF9B6C0067EDC8 /* A16_benchmarkUITestsLaunchTests.swift */,
			);
			path = "A16-benchmarkUITests";
			sourceTree = "<group>";
		};
/* End PBXGroup section */

/* Begin PBXNativeTarget section */
		9D8642D628DF9B6B0067EDC8 /* A16-benchmark */ = {
			isa = PBXNativeTarget;
			buildConfigurationList = 9D8642FC28DF9B6C0067EDC8 /* Build configuration list for PBXNativeTarget "A16-benchmark" */;
			buildPhases = (
				9D8642D328DF9B6B0067EDC8 /* Sources */,
				9D8642D428DF9B6B0067EDC8 /* Frameworks */,
				9D8642D528DF9B6B0067EDC8 /* Resources */,
			);
			buildRules = (
			);
			dependencies = (
			);
			name = "A16-benchmark";
			productName = "A16-benchmark";
			productReference = 9D8642D728DF9B6B0067EDC8 /* A16-benchmark.app */;
			productType = "com.apple.product-type.application";
		};
		9D8642E728DF9B6C0067EDC8 /* A16-benchmarkTests */ = {
			isa = PBXNativeTarget;
			buildConfigurationList = 9D8642FF28DF9B6C0067EDC8 /* Build configuration list for PBXNativeTarget "A16-benchmarkTests" */;
			buildPhases = (
				9D8642E428DF9B6C0067EDC8 /* Sources */,
				9D8642E528DF9B6C0067EDC8 /* Frameworks */,
				9D8642E628DF9B6C0067EDC8 /* Resources */,
			);
			buildRules = (
			);
			dependencies = (
				9D8642EA28DF9B6C0067EDC8 /* PBXTargetDependency */,
			);
			name = "A16-benchmarkTests";
			productName = "A16-benchmarkTests";
			productReference = 9D8642E828DF9B6C0067EDC8 /* A16-benchmarkTests.xctest */;
			productType = "com.apple.product-type.bundle.unit-test";
		};
		9D8642F128DF9B6C0067EDC8 /* A16-benchmarkUITests */ = {
			isa = PBXNativeTarget;
			buildConfigurationList = 9D86430228DF9B6C0067EDC8 /* Build configuration list for PBXNativeTarget "A16-benchmarkUITests" */;
			buildPhases = (
				9D8642EE28DF9B6C0067EDC8 /* Sources */,
				9D8642EF28DF9B6C0067EDC8 /* Frameworks */,
				9D8642F028DF9B6C0067EDC8 /* Resources */,
			);
			buildRules = (
			);
			dependencies = (
				9D8642F428DF9B6C0067EDC8 /* PBXTargetDependency */,
			);
			name = "A16-benchmarkUITests";
			productName = "A16-benchmarkUITests";
			productReference = 9D8642F228DF9B6C0067EDC8 /* A16-benchmarkUITests.xctest */;
			productType = "com.apple.product-type.bundle.ui-testing";
		};
/* End PBXNativeTarget section */

/* Begin PBXProject section */
		9D8642CF28DF9B6B0067EDC8 /* Project object */ = {
			isa = PBXProject;
			attributes = {
				BuildIndependentTargetsInParallel = 1;
				LastSwiftUpdateCheck = 1400;
				LastUpgradeCheck = 1400;
				TargetAttributes = {
					9D8642D628DF9B6B0067EDC8 = {
						CreatedOnToolsVersion = 14.0;
						LastSwiftMigration = 1400;
					};
					9D8642E728DF9B6C0067EDC8 = {
						CreatedOnToolsVersion = 14.0;
						TestTargetID = 9D8642D628DF9B6B0067EDC8;
					};
					9D8642F128DF9B6C0067EDC8 = {
						CreatedOnToolsVersion = 14.0;
						TestTargetID = 9D8642D628DF9B6B0067EDC8;
					};
				};
			};
			buildConfigurationList = 9D8642D228DF9B6B0067EDC8 /* Build configuration list for PBXProject "A16-benchmark" */;
			compatibilityVersion = "Xcode 14.0";
			developmentRegion = en;
			hasScannedForEncodings = 0;
			knownRegions = (
				en,
				Base,
			);
			mainGroup = 9D8642CE28DF9B6B0067EDC8;
			productRefGroup = 9D8642D828DF9B6B0067EDC8 /* Products */;
			projectDirPath = "";
			projectRoot = "";
			targets = (
				9D8642D628DF9B6B0067EDC8 /* A16-benchmark */,
				9D8642E728DF9B6C0067EDC8 /* A16-benchmarkTests */,
				9D8642F128DF9B6C0067EDC8 /* A16-benchmarkUITests */,
			);
		};
/* End PBXProject section */

/* Begin PBXResourcesBuildPhase section */
		9D8642D528DF9B6B0067EDC8 /* Resources */ = {
			isa = PBXResourcesBuildPhase;
			buildActionMask = 2147483647;
			files = (
				9D8642E328DF9B6C0067EDC8 /* Preview Assets.xcassets in Resources */,
				9D8642DF28DF9B6C0067EDC8 /* Assets.xcassets in Resources */,
			);
			runOnlyForDeploymentPostprocessing = 0;
		};
		9D8642E628DF9B6C0067EDC8 /* Resources */ = {
			isa = PBXResourcesBuildPhase;
			buildActionMask = 2147483647;
			files = (
			);
			runOnlyForDeploymentPostprocessing = 0;
		};
		9D8642F028DF9B6C0067EDC8 /* Resources */ = {
			isa = PBXResourcesBuildPhase;
			buildActionMask = 2147483647;
			files = (
			);
			runOnlyForDeploymentPostprocessing = 0;
		};
/* End PBXResourcesBuildPhase section */

/* Begin PBXSourcesBuildPhase section */
		9D8642D328DF9B6B0067EDC8 /* Sources */ = {
			isa = PBXSourcesBuildPhase;
			buildActionMask = 2147483647;
			files = (
				9D86430828DF9BA40067EDC8 /* rob.cpp in Sources */,
				9D8642DD28DF9B6B0067EDC8 /* ContentView.swift in Sources */,
				9D8642DB28DF9B6B0067EDC8 /* A16_benchmarkApp.swift in Sources */,
			);
			runOnlyForDeploymentPostprocessing = 0;
		};
		9D8642E428DF9B6C0067EDC8 /* Sources */ = {
			isa = PBXSourcesBuildPhase;
			buildActionMask = 2147483647;
			files = (
				9D8642ED28DF9B6C0067EDC8 /* A16_benchmarkTests.swift in Sources */,
			);
			runOnlyForDeploymentPostprocessing = 0;
		};
		9D8642EE28DF9B6C0067EDC8 /* Sources */ = {
			isa = PBXSourcesBuildPhase;
			buildActionMask = 2147483647;
			files = (
				9D8642F728DF9B6C0067EDC8 /* A16_benchmarkUITests.swift in Sources */,
				9D8642F928DF9B6C0067EDC8 /* A16_benchmarkUITestsLaunchTests.swift in Sources */,
			);
			runOnlyForDeploymentPostprocessing = 0;
		};
/* End PBXSourcesBuildPhase section */

/* Begin PBXTargetDependency section */
		9D8642EA28DF9B6C0067EDC8 /* PBXTargetDependency */ = {
			isa = PBXTargetDependency;
			target = 9D8642D628DF9B6B0067EDC8 /* A16-benchmark */;
			targetProxy = 9D8642E928DF9B6C0067EDC8 /* PBXContainerItemProxy */;
		};
		9D8642F428DF9B6C0067EDC8 /* PBXTargetDependency */ = {
			isa = PBXTargetDependency;
			target = 9D8642D628DF9B6B0067EDC8 /* A16-benchmark */;
			targetProxy = 9D8642F328DF9B6C0067EDC8 /* PBXContainerItemProxy */;
		};
/* End PBXTargetDependency section */

/* Begin XCBuildConfiguration section */
		9D8642FA28DF9B6C0067EDC8 /* Debug */ = {
			isa = XCBuildConfiguration;
			buildSettings = {
				ALWAYS_SEARCH_USER_PATHS = NO;
				CLANG_ANALYZER_NONNULL = YES;
				CLANG_ANALYZER_NUMBER_OBJECT_CONVERSION = YES_AGGRESSIVE;
				CLANG_CXX_LANGUAGE_STANDARD = "gnu++20";
				CLANG_ENABLE_MODULES = YES;
				CLANG_ENABLE_OBJC_ARC = YES;
				CLANG_ENABLE_OBJC_WEAK = YES;
				CLANG_WARN_BLOCK_CAPTURE_AUTORELEASING = YES;
				CLANG_WARN_BOOL_CONVERSION = YES;
				CLANG_WARN_COMMA = YES;
				CLANG_WARN_CONSTANT_CONVERSION = YES;
				CLANG_WARN_DEPRECATED_OBJC_IMPLEMENTATIONS = YES;
				CLANG_WARN_DIRECT_OBJC_ISA_USAGE = YES_ERROR;
				CLANG_WARN_DOCUMENTATION_COMMENTS = YES;
				CLANG_WARN_EMPTY_BODY = YES;
				CLANG_WARN_ENUM_CONVERSION = YES;
				CLANG_WARN_INFINITE_RECURSION = YES;
				CLANG_WARN_INT_CONVERSION = YES;
				CLANG_WARN_NON_LITERAL_NULL_CONVERSION = YES;
				CLANG_WARN_OBJC_IMPLICIT_RETAIN_SELF = YES;
				CLANG_WARN_OBJC_LITERAL_CONVERSION = YES;
				CLANG_WARN_OBJC_ROOT_CLASS = YES_ERROR;
				CLANG_WARN_QUOTED_INCLUDE_IN_FRAMEWORK_HEADER = YES;
				CLANG_WARN_RANGE_LOOP_ANALYSIS = YES;
				CLANG_WARN_STRICT_PROTOTYPES = YES;
				CLANG_WARN_SUSPICIOUS_MOVE = YES;
				CLANG_WARN_UNGUARDED_AVAILABILITY = YES_AGGRESSIVE;
				CLANG_WARN_UNREACHABLE_CODE = YES;
				CLANG_WARN__DUPLICATE_METHOD_MATCH = YES;
				COPY_PHASE_STRIP = NO;
				DEBUG_INFORMATION_FORMAT = dwarf;
				ENABLE_STRICT_OBJC_MSGSEND = YES;
				ENABLE_TESTABILITY = YES;
				GCC_C_LANGUAGE_STANDARD = gnu11;
				GCC_DYNAMIC_NO_PIC = NO;
				GCC_NO_COMMON_BLOCKS = YES;
				GCC_OPTIMIZATION_LEVEL = 0;
				GCC_PREPROCESSOR_DEFINITIONS = (
					"DEBUG=1",
					"$(inherited)",
				);
				GCC_WARN_64_TO_32_BIT_CONVERSION = YES;
				GCC_WARN_ABOUT_RETURN_TYPE = YES_ERROR;
				GCC_WARN_UNDECLARED_SELECTOR = YES;
				GCC_WARN_UNINITIALIZED_AUTOS = YES_AGGRESSIVE;
				GCC_WARN_UNUSED_FUNCTION = YES;
				GCC_WARN_UNUSED_VARIABLE = YES;
				MTL_ENABLE_DEBUG_INFO = INCLUDE_SOURCE;
				MTL_FAST_MATH = YES;
				ONLY_ACTIVE_ARCH = YES;
				SWIFT_ACTIVE_COMPILATION_CONDITIONS = DEBUG;
				SWIFT_OPTIMIZATION_LEVEL = "-Onone";
			};
			name = Debug;
		};
		9D8642FB28DF9B6C0067EDC8 /* Release */ = {
			isa = XCBuildConfiguration;
			buildSettings = {
				ALWAYS_SEARCH_USER_PATHS = NO;
				CLANG_ANALYZER_NONNULL = YES;
				CLANG_ANALYZER_NUMBER_OBJECT_CONVERSION = YES_AGGRESSIVE;
				CLANG_CXX_LANGUAGE_STANDARD = "gnu++20";
				CLANG_ENABLE_MODULES = YES;
				CLANG_ENABLE_OBJC_ARC = YES;
				CLANG_ENABLE_OBJC_WEAK = YES;
				CLANG_WARN_BLOCK_CAPTURE_AUTORELEASING = YES;
				CLANG_WARN_BOOL_CONVERSION = YES;
				CLANG_WARN_COMMA = YES;
				CLANG_WARN_CONSTANT_CONVERSION = YES;
				CLANG_WARN_DEPRECATED_OBJC_IMPLEMENTATIONS = YES;
				CLANG_WARN_DIRECT_OBJC_ISA_USAGE = YES_ERROR;
				CLANG_WARN_DOCUMENTATION_COMMENTS = YES;
				CLANG_WARN_EMPTY_BODY = YES;
				CLANG_WARN_ENUM_CONVERSION = YES;
				CLANG_WARN_INFINITE_RECURSION = YES;
				CLANG_WARN_INT_CONVERSION = YES;
				CLANG_WARN_NON_LITERAL_NULL_CONVERSION = YES;
				CLANG_WARN_OBJC_IMPLICIT_RETAIN_SELF = YES;
				CLANG_WARN_OBJC_LITERAL_CONVERSION = YES;
				CLANG_WARN_OBJC_ROOT_CLASS = YES_ERROR;
				CLANG_WARN_QUOTED_INCLUDE_IN_FRAMEWORK_HEADER = YES;
				CLANG_WARN_RANGE_LOOP_ANALYSIS = YES;
				CLANG_WARN_STRICT_PROTOTYPES = YES;
				CLANG_WARN_SUSPICIOUS_MOVE = YES;
				CLANG_WARN_UNGUARDED_AVAILABILITY = YES_AGGRESSIVE;
				CLANG_WARN_UNREACHABLE_CODE = YES;
				CLANG_WARN__DUPLICATE_METHOD_MATCH = YES;
				COPY_PHASE_STRIP = NO;
				DEBUG_INFORMATION_FORMAT = "dwarf-with-dsym";
				ENABLE_NS_ASSERTIONS = NO;
				ENABLE_STRICT_OBJC_MSGSEND = YES;
				GCC_C_LANGUAGE_STANDARD = gnu11;
				GCC_NO_COMMON_BLOCKS = YES;
				GCC_WARN_64_TO_32_BIT_CONVERSION = YES;
				GCC_WARN_ABOUT_RETURN_TYPE = YES_ERROR;
				GCC_WARN_UNDECLARED_SELECTOR = YES;
				GCC_WARN_UNINITIALIZED_AUTOS = YES_AGGRESSIVE;
				GCC_WARN_UNUSED_FUNCTION = YES;
				GCC_WARN_UNUSED_VARIABLE = YES;
				MTL_ENABLE_DEBUG_INFO = NO;
				MTL_FAST_MATH = YES;
				SWIFT_COMPILATION_MODE = wholemodule;
				SWIFT_OPTIMIZATION_LEVEL = "-O";
			};
			name = Release;
		};
		9D8642FD28DF9B6C0067EDC8 /* Debug */ = {
			isa = XCBuildConfiguration;
			buildSettings = {
				ASSETCATALOG_COMPILER_APPICON_NAME = AppIcon;
				ASSETCATALOG_COMPILER_GLOBAL_ACCENT_COLOR_NAME = AccentColor;
				CLANG_ENABLE_MODULES = YES;
				CODE_SIGN_ENTITLEMENTS = "A16-benchmark/A16_benchmark.entitlements";
				CODE_SIGN_STYLE = Automatic;
				CURRENT_PROJECT_VERSION = 1;
				DEVELOPMENT_ASSET_PATHS = "\"A16-benchmark/Preview Content\"";
				DEVELOPMENT_TEAM = 4TU5ZVD74N;
				ENABLE_HARDENED_RUNTIME = YES;
				ENABLE_PREVIEWS = YES;
				GENERATE_INFOPLIST_FILE = YES;
				"INFOPLIST_KEY_UIApplicationSceneManifest_Generation[sdk=iphoneos*]" = YES;
				"INFOPLIST_KEY_UIApplicationSceneManifest_Generation[sdk=iphonesimulator*]" = YES;
				"INFOPLIST_KEY_UIApplicationSupportsIndirectInputEvents[sdk=iphoneos*]" = YES;
				"INFOPLIST_KEY_UIApplicationSupportsIndirectInputEvents[sdk=iphonesimulator*]" = YES;
				"INFOPLIST_KEY_UILaunchScreen_Generation[sdk=iphoneos*]" = YES;
				"INFOPLIST_KEY_UILaunchScreen_Generation[sdk=iphonesimulator*]" = YES;
				"INFOPLIST_KEY_UIStatusBarStyle[sdk=iphoneos*]" = UIStatusBarStyleDefault;
				"INFOPLIST_KEY_UIStatusBarStyle[sdk=iphonesimulator*]" = UIStatusBarStyleDefault;
				INFOPLIST_KEY_UISupportedInterfaceOrientations_iPad = "UIInterfaceOrientationPortrait UIInterfaceOrientationPortraitUpsideDown UIInterfaceOrientationLandscapeLeft UIInterfaceOrientationLandscapeRight";
				INFOPLIST_KEY_UISupportedInterfaceOrientations_iPhone = "UIInterfaceOrientationPortrait UIInterfaceOrientationLandscapeLeft UIInterfaceOrientationLandscapeRight";
				IPHONEOS_DEPLOYMENT_TARGET = 16.0;
				LD_RUNPATH_SEARCH_PATHS = "@executable_path/Frameworks";
				"LD_RUNPATH_SEARCH_PATHS[sdk=macosx*]" = "@executable_path/../Frameworks";
				MACOSX_DEPLOYMENT_TARGET = 13.0;
				MARKETING_VERSION = 1.0;
				PRODUCT_BUNDLE_IDENTIFIER = "cn.victoryang00.A16-benchmark";
				PRODUCT_NAME = "$(TARGET_NAME)";
				SDKROOT = auto;
				SUPPORTED_PLATFORMS = "iphoneos iphonesimulator macosx";
				SWIFT_EMIT_LOC_STRINGS = YES;
				SWIFT_OBJC_BRIDGING_HEADER = "A16-benchmark/A16-benchmark-Bridging-Header.h";
				SWIFT_OPTIMIZATION_LEVEL = "-Onone";
				SWIFT_VERSION = 5.0;
				TARGETED_DEVICE_FAMILY = "1,2";
			};
			name = Debug;
		};
		9D8642FE28DF9B6C0067EDC8 /* Release */ = {
			isa = XCBuildConfiguration;
			buildSettings = {
				ASSETCATALOG_COMPILER_APPICON_NAME = AppIcon;
				ASSETCATALOG_COMPILER_GLOBAL_ACCENT_COLOR_NAME = AccentColor;
				CLANG_ENABLE_MODULES = YES;
				CODE_SIGN_ENTITLEMENTS = "A16-benchmark/A16_benchmark.entitlements";
				CODE_SIGN_STYLE = Automatic;
				CURRENT_PROJECT_VERSION = 1;
				DEVELOPMENT_ASSET_PATHS = "\"A16-benchmark/Preview Content\"";
				DEVELOPMENT_TEAM = 4TU5ZVD74N;
				ENABLE_HARDENED_RUNTIME = YES;
				ENABLE_PREVIEWS = YES;
				GENERATE_INFOPLIST_FILE = YES;
				"INFOPLIST_KEY_UIApplicationSceneManifest_Generation[sdk=iphoneos*]" = YES;
				"INFOPLIST_KEY_UIApplicationSceneManifest_Generation[sdk=iphonesimulator*]" = YES;
				"INFOPLIST_KEY_UIApplicationSupportsIndirectInputEvents[sdk=iphoneos*]" = YES;
				"INFOPLIST_KEY_UIApplicationSupportsIndirectInputEvents[sdk=iphonesimulator*]" = YES;
				"INFOPLIST_KEY_UILaunchScreen_Generation[sdk=iphoneos*]" = YES;
				"INFOPLIST_KEY_UILaunchScreen_Generation[sdk=iphonesimulator*]" = YES;
				"INFOPLIST_KEY_UIStatusBarStyle[sdk=iphoneos*]" = UIStatusBarStyleDefault;
				"INFOPLIST_KEY_UIStatusBarStyle[sdk=iphonesimulator*]" = UIStatusBarStyleDefault;
				INFOPLIST_KEY_UISupportedInterfaceOrientations_iPad = "UIInterfaceOrientationPortrait UIInterfaceOrientationPortraitUpsideDown UIInterfaceOrientationLandscapeLeft UIInterfaceOrientationLandscapeRight";
				INFOPLIST_KEY_UISupportedInterfaceOrientations_iPhone = "UIInterfaceOrientationPortrait UIInterfaceOrientationLandscapeLeft UIInterfaceOrientationLandscapeRight";
				IPHONEOS_DEPLOYMENT_TARGET = 16.0;
				LD_RUNPATH_SEARCH_PATHS = "@executable_path/Frameworks";
				"LD_RUNPATH_SEARCH_PATHS[sdk=macosx*]" = "@executable_path/../Frameworks";
				MACOSX_DEPLOYMENT_TARGET = 13.0;
				MARKETING_VERSION = 1.0;
				PRODUCT_BUNDLE_IDENTIFIER = "cn.victoryang00.A16-benchmark";
				PRODUCT_NAME = "$(TARGET_NAME)";
				SDKROOT = auto;
				SUPPORTED_PLATFORMS = "iphoneos iphonesimulator macosx";
				SWIFT_EMIT_LOC_STRINGS = YES;
				SWIFT_OBJC_BRIDGING_HEADER = "A16-benchmark/A16-benchmark-Bridging-Header.h";
				SWIFT_VERSION = 5.0;
				TARGETED_DEVICE_FAMILY = "1,2";
			};
			name = Release;
		};
		9D86430028DF9B6C0067EDC8 /* Debug */ = {
			isa = XCBuildConfiguration;
			buildSettings = {
				ALWAYS_EMBED_SWIFT_STANDARD_LIBRARIES = YES;
				BUNDLE_LOADER = "$(TEST_HOST)";
				CODE_SIGN_STYLE = Automatic;
				CURRENT_PROJECT_VERSION = 1;
				DEVELOPMENT_TEAM = 4TU5ZVD74N;
				GENERATE_INFOPLIST_FILE = YES;
				IPHONEOS_DEPLOYMENT_TARGET = 16.0;
				MACOSX_DEPLOYMENT_TARGET = 13.0;
				MARKETING_VERSION = 1.0;
				PRODUCT_BUNDLE_IDENTIFIER = "cn.victoryang00.A16-benchmarkTests";
				PRODUCT_NAME = "$(TARGET_NAME)";
				SDKROOT = auto;
				SUPPORTED_PLATFORMS = "iphoneos iphonesimulator macosx";
				SWIFT_EMIT_LOC_STRINGS = NO;
				SWIFT_VERSION = 5.0;
				TARGETED_DEVICE_FAMILY = "1,2";
				TEST_HOST = "$(BUILT_PRODUCTS_DIR)/A16-benchmark.app/$(BUNDLE_EXECUTABLE_FOLDER_PATH)/A16-benchmark";
			};
			name = Debug;
		};
		9D86430128DF9B6C0067EDC8 /* Release */ = {
			isa = XCBuildConfiguration;
			buildSettings = {
				ALWAYS_EMBED_SWIFT_STANDARD_LIBRARIES = YES;
				BUNDLE_LOADER = "$(TEST_HOST)";
				CODE_SIGN_STYLE = Automatic;
				CURRENT_PROJECT_VERSION = 1;
				DEVELOPMENT_TEAM = 4TU5ZVD74N;
				GENERATE_INFOPLIST_FILE = YES;
				IPHONEOS_DEPLOYMENT_TARGET = 16.0;
				MACOSX_DEPLOYMENT_TARGET = 13.0;
				MARKETING_VERSION = 1.0;
				PRODUCT_BUNDLE_IDENTIFIER = "cn.victoryang00.A16-benchmarkTests";
				PRODUCT_NAME = "$(TARGET_NAME)";
				SDKROOT = auto;
				SUPPORTED_PLATFORMS = "iphoneos iphonesimulator macosx";
				SWIFT_EMIT_LOC_STRINGS = NO;
				SWIFT_VERSION = 5.0;
				TARGETED_DEVICE_FAMILY = "1,2";
				TEST_HOST = "$(BUILT_PRODUCTS_DIR)/A16-benchmark.app/$(BUNDLE_EXECUTABLE_FOLDER_PATH)/A16-benchmark";
			};
			name = Release;
		};
		9D86430328DF9B6C0067EDC8 /* Debug */ = {
			isa = XCBuildConfiguration;
			buildSettings = {
				ALWAYS_EMBED_SWIFT_STANDARD_LIBRARIES = YES;
				CODE_SIGN_STYLE = Automatic;
				CURRENT_PROJECT_VERSION = 1;
				DEVELOPMENT_TEAM = 4TU5ZVD74N;
				GENERATE_INFOPLIST_FILE = YES;
				IPHONEOS_DEPLOYMENT_TARGET = 16.0;
				MACOSX_DEPLOYMENT_TARGET = 13.0;
				MARKETING_VERSION = 1.0;
				PRODUCT_BUNDLE_IDENTIFIER = "cn.victoryang00.A16-benchmarkUITests";
				PRODUCT_NAME = "$(TARGET_NAME)";
				SDKROOT = auto;
				SUPPORTED_PLATFORMS = "iphoneos iphonesimulator macosx";
				SWIFT_EMIT_LOC_STRINGS = NO;
				SWIFT_VERSION = 5.0;
				TARGETED_DEVICE_FAMILY = "1,2";
				TEST_TARGET_NAME = "A16-benchmark";
			};
			name = Debug;
		};
		9D86430428DF9B6C0067EDC8 /* Release */ = {
			isa = XCBuildConfiguration;
			buildSettings = {
				ALWAYS_EMBED_SWIFT_STANDARD_LIBRARIES = YES;
				CODE_SIGN_STYLE = Automatic;
				CURRENT_PROJECT_VERSION = 1;
				DEVELOPMENT_TEAM = 4TU5ZVD74N;
				GENERATE_INFOPLIST_FILE = YES;
				IPHONEOS_DEPLOYMENT_TARGET = 16.0;
				MACOSX_DEPLOYMENT_TARGET = 13.0;
				MARKETING_VERSION = 1.0;
				PRODUCT_BUNDLE_IDENTIFIER = "cn.victoryang00.A16-benchmarkUITests";
				PRODUCT_NAME = "$(TARGET_NAME)";
				SDKROOT = auto;
				SUPPORTED_PLATFORMS = "iphoneos iphonesimulator macosx";
				SWIFT_EMIT_LOC_STRINGS = NO;
				SWIFT_VERSION = 5.0;
				TARGETED_DEVICE_FAMILY = "1,2";
				TEST_TARGET_NAME = "A16-benchmark";
			};
			name = Release;
		};
/* End XCBuildConfiguration section */

/* Begin XCConfigurationList section */
		9D8642D228DF9B6B0067EDC8 /* Build configuration list for PBXProject "A16-benchmark" */ = {
			isa = XCConfigurationList;
			buildConfigurations = (
				9D8642FA28DF9B6C0067EDC8 /* Debug */,
				9D8642FB28DF9B6C0067EDC8 /* Release */,
			);
			defaultConfigurationIsVisible = 0;
			defaultConfigurationName = Release;
		};
		9D8642FC28DF9B6C0067EDC8 /* Build configuration list for PBXNativeTarget "A16-benchmark" */ = {
			isa = XCConfigurationList;
			buildConfigurations = (
				9D8642FD28DF9B6C0067EDC8 /* Debug */,
				9D8642FE28DF9B6C0067EDC8 /* Release */,
			);
			defaultConfigurationIsVisible = 0;
			defaultConfigurationName = Release;
		};
		9D8642FF28DF9B6C0067EDC8 /* Build configuration list for PBXNativeTarget "A16-benchmarkTests" */ = {
			isa = XCConfigurationList;
			buildConfigurations = (
				9D86430028DF9B6C0067EDC8 /* Debug */,
				9D86430128DF9B6C0067EDC8 /* Release */,
			);
			defaultConfigurationIsVisible = 0;
			defaultConfigurationName = Release;
		};
		9D86430228DF9B6C0067EDC8 /* Build configuration list for PBXNativeTarget "A16-benchmarkUITests" */ = {
			isa = XCConfigurationList;
			buildConfigurations = (
				9D86430328DF9B6C0067EDC8 /* Debug */,
				9D86430428DF9B6C0067EDC8 /* Release */,
			);
			defaultConfigurationIsVisible = 0;
			defaultConfigurationName = Release;
		};
/* End XCConfigurationList section */
	};
	rootObject = 9D8642CF28DF9B6B0067EDC8 /* Project object */;
}
